
Microsoft Visual Studio Solution File, Format Version 12.00
# Visual Studio Version 17
VisualStudioVersion = 17.4.33213.308
MinimumVisualStudioVersion = 10.0.40219.1
Project("{FAE04EC0-301F-11D3-BF4B-00C04F79EFBC}") = "ChallengeApp2", "ChallangeApp2\ChallengeApp2.csproj", "{BF52BB55-FAD8-4A8E-B3E8-2B50DD165965}"
EndProject
Project("{FAE04EC0-301F-11D3-BF4B-00C04F79EFBC}") = "ChallengeApp2.Tests", "ChallangeApp2.Tests\ChallengeApp2.Tests.csproj", "{55464673-20DE-47A9-8207-C71A9A2417B4}"
EndProject
Global
	GlobalSection(SolutionConfigurationPlatforms) = preSolution
		Debug|Any CPU = Debug|Any CPU
		Release|Any CPU = Release|Any CPU
	EndGlobalSection
	GlobalSection(ProjectConfigurationPlatforms) = postSolution
		{BF52BB55-FAD8-4A8E-B3E8-2B50DD165965}.Debug|Any CPU.ActiveCfg = Debug|Any CPU
		{BF52BB55-FAD8-4A8E-B3E8-2B50DD165965}.Debug|Any CPU.Build.0 = Debug|Any CPU
		{BF52BB55-FAD8-4A8E-B3E8-2B50DD165965}.Release|Any CPU.ActiveCfg = Release|Any CPU
		{BF52BB55-FAD8-4A8E-B3E8-2B50DD165965}.Release|Any CPU.Build.0 = Release|Any CPU
		{55464673-20DE-47A9-8207-C71A9A2417B4}.Debug|Any CPU.ActiveCfg = Debug|Any CPU
		{55464673-20DE-47A9-8207-C71A9A2417B4}.Debug|Any CPU.Build.0 = Debug|Any CPU
		{55464673-20DE-47A9-8207-C71A9A2417B4}.Release|Any CPU.ActiveCfg = Release|Any CPU
		{55464673-20DE-47A9-8207-C71A9A2417B4}.Release|Any CPU.Build.0 = Release|Any CPU
	EndGlobalSection
	GlobalSection(SolutionProperties) = preSolution
		HideSolutionNode = FALSE
	EndGlobalSection
	GlobalSection(ExtensibilityGlobals) = postSolution
		SolutionGuid = {426F0C02-7B36-40EE-9782-E869D132BD44}
	EndGlobalSection
EndGlobal
